
Microsoft Visual Studio Solution File, Format Version 12.00
# Visual Studio 14
VisualStudioVersion = 14.0.25420.1
MinimumVisualStudioVersion = 10.0.40219.1
Project("{FAE04EC0-301F-11D3-BF4B-00C04F79EFBC}") = "PhanMemNoiSoi", "PhanMemNoiSoi\PhanMemNoiSoi.csproj", "{2E52DB5F-BD7E-4E9B-8B2F-BF62A392488B}"
EndProject
Project("{FAE04EC0-301F-11D3-BF4B-00C04F79EFBC}") = "DirectX.Capture", "DirectX.Capture\DirectX.Capture.csproj", "{8C0015DB-69E1-46E7-8705-3A4F8BE2E5E7}"
EndProject
Project("{FAE04EC0-301F-11D3-BF4B-00C04F79EFBC}") = "DShowNET", "DShowNET\DShowNET.csproj", "{CE009BFA-5EF6-4153-B2A1-2FA79698A9AE}"
EndProject
Project("{54435603-DBB4-11D2-8724-00A0C9A8B90C}") = "Setup Phan Mem Noi Soi", "Setup Phan Mem Noi Soi\Setup Phan Mem Noi Soi.vdproj", "{D629F21C-8AEB-4129-A9F5-702C0C7EBB30}"
EndProject
Project("{FAE04EC0-301F-11D3-BF4B-00C04F79EFBC}") = "QLKBKeyGen", "QLKBKeyGen\QLKBKeyGen.csproj", "{DD08AD0F-B5BA-4C7D-8D90-1FE62350BB51}"
EndProject
Project("{FAE04EC0-301F-11D3-BF4B-00C04F79EFBC}") = "OD.Forms.Security", "C:\Users\win7-32bit\Downloads\SecureBaseForm_Src\OD.Forms.Security.csproj", "{5C9ADA8B-7F93-4968-B6C3-B6B9627C2B0F}"
EndProject
Global
	GlobalSection(SolutionConfigurationPlatforms) = preSolution
		Debug|Any CPU = Debug|Any CPU
		Release|Any CPU = Release|Any CPU
	EndGlobalSection
	GlobalSection(ProjectConfigurationPlatforms) = postSolution
		{2E52DB5F-BD7E-4E9B-8B2F-BF62A392488B}.Debug|Any CPU.ActiveCfg = Debug|Any CPU
		{2E52DB5F-BD7E-4E9B-8B2F-BF62A392488B}.Debug|Any CPU.Build.0 = Debug|Any CPU
		{2E52DB5F-BD7E-4E9B-8B2F-BF62A392488B}.Release|Any CPU.ActiveCfg = Release|Any CPU
		{2E52DB5F-BD7E-4E9B-8B2F-BF62A392488B}.Release|Any CPU.Build.0 = Release|Any CPU
		{8C0015DB-69E1-46E7-8705-3A4F8BE2E5E7}.Debug|Any CPU.ActiveCfg = Debug|Any CPU
		{8C0015DB-69E1-46E7-8705-3A4F8BE2E5E7}.Debug|Any CPU.Build.0 = Debug|Any CPU
		{8C0015DB-69E1-46E7-8705-3A4F8BE2E5E7}.Release|Any CPU.ActiveCfg = Release|Any CPU
		{8C0015DB-69E1-46E7-8705-3A4F8BE2E5E7}.Release|Any CPU.Build.0 = Release|Any CPU
		{CE009BFA-5EF6-4153-B2A1-2FA79698A9AE}.Debug|Any CPU.ActiveCfg = Debug|Any CPU
		{CE009BFA-5EF6-4153-B2A1-2FA79698A9AE}.Debug|Any CPU.Build.0 = Debug|Any CPU
		{CE009BFA-5EF6-4153-B2A1-2FA79698A9AE}.Release|Any CPU.ActiveCfg = Release|Any CPU
		{CE009BFA-5EF6-4153-B2A1-2FA79698A9AE}.Release|Any CPU.Build.0 = Release|Any CPU
		{D629F21C-8AEB-4129-A9F5-702C0C7EBB30}.Debug|Any CPU.ActiveCfg = Debug
		{D629F21C-8AEB-4129-A9F5-702C0C7EBB30}.Release|Any CPU.ActiveCfg = Release
		{DD08AD0F-B5BA-4C7D-8D90-1FE62350BB51}.Debug|Any CPU.ActiveCfg = Debug|Any CPU
		{DD08AD0F-B5BA-4C7D-8D90-1FE62350BB51}.Debug|Any CPU.Build.0 = Debug|Any CPU
		{DD08AD0F-B5BA-4C7D-8D90-1FE62350BB51}.Release|Any CPU.ActiveCfg = Release|Any CPU
		{DD08AD0F-B5BA-4C7D-8D90-1FE62350BB51}.Release|Any CPU.Build.0 = Release|Any CPU
		{5C9ADA8B-7F93-4968-B6C3-B6B9627C2B0F}.Debug|Any CPU.ActiveCfg = Debug|Any CPU
		{5C9ADA8B-7F93-4968-B6C3-B6B9627C2B0F}.Debug|Any CPU.Build.0 = Debug|Any CPU
		{5C9ADA8B-7F93-4968-B6C3-B6B9627C2B0F}.Release|Any CPU.ActiveCfg = Release|Any CPU
		{5C9ADA8B-7F93-4968-B6C3-B6B9627C2B0F}.Release|Any CPU.Build.0 = Release|Any CPU
	EndGlobalSection
	GlobalSection(SolutionProperties) = preSolution
		HideSolutionNode = FALSE
	EndGlobalSection
EndGlobal
